
Microsoft Visual Studio Solution File, Format Version 12.00
# Visual Studio Version 17
VisualStudioVersion = 17.5.002.0
MinimumVisualStudioVersion = 10.0.40219.1
Project("{9A19103F-16F7-4668-BE54-9A1E7A4F7556}") = "Balta", "Balta.csproj", "{FB7F5913-7B74-4543-B95C-07AFE33B7EC4}"
EndProject
Global
	GlobalSection(SolutionConfigurationPlatforms) = preSolution
		Debug|Any CPU = Debug|Any CPU
		Release|Any CPU = Release|Any CPU
	EndGlobalSection
	GlobalSection(ProjectConfigurationPlatforms) = postSolution
		{FB7F5913-7B74-4543-B95C-07AFE33B7EC4}.Debug|Any CPU.ActiveCfg = Debug|Any CPU
		{FB7F5913-7B74-4543-B95C-07AFE33B7EC4}.Debug|Any CPU.Build.0 = Debug|Any CPU
		{FB7F5913-7B74-4543-B95C-07AFE33B7EC4}.Release|Any CPU.ActiveCfg = Release|Any CPU
		{FB7F5913-7B74-4543-B95C-07AFE33B7EC4}.Release|Any CPU.Build.0 = Release|Any CPU
	EndGlobalSection
	GlobalSection(SolutionProperties) = preSolution
		HideSolutionNode = FALSE
	EndGlobalSection
	GlobalSection(ExtensibilityGlobals) = postSolution
		SolutionGuid = {0AEDD64F-A0F8-4BAC-9B0D-15FF996A6016}
	EndGlobalSection
EndGlobal
